
Microsoft Visual Studio Solution File, Format Version 12.00
# Visual Studio Version 17
VisualStudioVersion = 17.14.36310.24
MinimumVisualStudioVersion = 10.0.40219.1
Project("{FAE04EC0-301F-11D3-BF4B-00C04F79EFBC}") = "RadioactivityMonitor", "RadioactivityMonitor.csproj", "{B585B729-95E4-4338-BA54-3A1902CE8631}"
EndProject
Project("{FAE04EC0-301F-11D3-BF4B-00C04F79EFBC}") = "RadioactivityMonitor.Tests", "..\RadioactivityMonitor.Tests\RadioactivityMonitor.Tests.csproj", "{30F099A6-1AFA-B3C4-2ED6-42A1FD4CA0FE}"
EndProject
Global
	GlobalSection(SolutionConfigurationPlatforms) = preSolution
		Debug|Any CPU = Debug|Any CPU
		Release|Any CPU = Release|Any CPU
	EndGlobalSection
	GlobalSection(ProjectConfigurationPlatforms) = postSolution
		{B585B729-95E4-4338-BA54-3A1902CE8631}.Debug|Any CPU.ActiveCfg = Debug|Any CPU
		{B585B729-95E4-4338-BA54-3A1902CE8631}.Debug|Any CPU.Build.0 = Debug|Any CPU
		{B585B729-95E4-4338-BA54-3A1902CE8631}.Release|Any CPU.ActiveCfg = Release|Any CPU
		{B585B729-95E4-4338-BA54-3A1902CE8631}.Release|Any CPU.Build.0 = Release|Any CPU
		{30F099A6-1AFA-B3C4-2ED6-42A1FD4CA0FE}.Debug|Any CPU.ActiveCfg = Debug|Any CPU
		{30F099A6-1AFA-B3C4-2ED6-42A1FD4CA0FE}.Debug|Any CPU.Build.0 = Debug|Any CPU
		{30F099A6-1AFA-B3C4-2ED6-42A1FD4CA0FE}.Release|Any CPU.ActiveCfg = Release|Any CPU
		{30F099A6-1AFA-B3C4-2ED6-42A1FD4CA0FE}.Release|Any CPU.Build.0 = Release|Any CPU
	EndGlobalSection
	GlobalSection(SolutionProperties) = preSolution
		HideSolutionNode = FALSE
	EndGlobalSection
	GlobalSection(ExtensibilityGlobals) = postSolution
		SolutionGuid = {455BA42D-C124-43EF-801B-4AEFC7899EFE}
	EndGlobalSection
EndGlobal
